
Microsoft Visual Studio Solution File, Format Version 12.00
# Visual Studio Version 17
VisualStudioVersion = 17.8.34309.116
MinimumVisualStudioVersion = 10.0.40219.1
Project("{9A19103F-16F7-4668-BE54-9A1E7A4F7556}") = "DemoConsola", "DemoConsola\DemoConsola.csproj", "{0E23E16F-3527-44A5-99A8-2633BB804F72}"
EndProject
Project("{9A19103F-16F7-4668-BE54-9A1E7A4F7556}") = "DemoConsolaAvanzado", "DemoConsolaAvanzado\DemoConsolaAvanzado.csproj", "{0182D731-043A-4450-B9A1-236E5F6FB8AD}"
EndProject
Project("{9A19103F-16F7-4668-BE54-9A1E7A4F7556}") = "DemoBiblioteca", "DemoBiblioteca\DemoBiblioteca.csproj", "{D0284431-F0EA-41B3-866A-EB29021CC6F6}"
EndProject
Project("{FAE04EC0-301F-11D3-BF4B-00C04F79EFBC}") = "DemoPrueba", "DemoPrueba\DemoPrueba.csproj", "{6C7B91E1-17A5-47CE-B555-08D885C8D4BF}"
EndProject
Global
	GlobalSection(SolutionConfigurationPlatforms) = preSolution
		Debug|Any CPU = Debug|Any CPU
		Release|Any CPU = Release|Any CPU
	EndGlobalSection
	GlobalSection(ProjectConfigurationPlatforms) = postSolution
		{0E23E16F-3527-44A5-99A8-2633BB804F72}.Debug|Any CPU.ActiveCfg = Debug|Any CPU
		{0E23E16F-3527-44A5-99A8-2633BB804F72}.Debug|Any CPU.Build.0 = Debug|Any CPU
		{0E23E16F-3527-44A5-99A8-2633BB804F72}.Release|Any CPU.ActiveCfg = Release|Any CPU
		{0E23E16F-3527-44A5-99A8-2633BB804F72}.Release|Any CPU.Build.0 = Release|Any CPU
		{0182D731-043A-4450-B9A1-236E5F6FB8AD}.Debug|Any CPU.ActiveCfg = Debug|Any CPU
		{0182D731-043A-4450-B9A1-236E5F6FB8AD}.Debug|Any CPU.Build.0 = Debug|Any CPU
		{0182D731-043A-4450-B9A1-236E5F6FB8AD}.Release|Any CPU.ActiveCfg = Release|Any CPU
		{0182D731-043A-4450-B9A1-236E5F6FB8AD}.Release|Any CPU.Build.0 = Release|Any CPU
		{D0284431-F0EA-41B3-866A-EB29021CC6F6}.Debug|Any CPU.ActiveCfg = Debug|Any CPU
		{D0284431-F0EA-41B3-866A-EB29021CC6F6}.Debug|Any CPU.Build.0 = Debug|Any CPU
		{D0284431-F0EA-41B3-866A-EB29021CC6F6}.Release|Any CPU.ActiveCfg = Release|Any CPU
		{D0284431-F0EA-41B3-866A-EB29021CC6F6}.Release|Any CPU.Build.0 = Release|Any CPU
		{6C7B91E1-17A5-47CE-B555-08D885C8D4BF}.Debug|Any CPU.ActiveCfg = Debug|Any CPU
		{6C7B91E1-17A5-47CE-B555-08D885C8D4BF}.Debug|Any CPU.Build.0 = Debug|Any CPU
		{6C7B91E1-17A5-47CE-B555-08D885C8D4BF}.Release|Any CPU.ActiveCfg = Release|Any CPU
		{6C7B91E1-17A5-47CE-B555-08D885C8D4BF}.Release|Any CPU.Build.0 = Release|Any CPU
	EndGlobalSection
	GlobalSection(SolutionProperties) = preSolution
		HideSolutionNode = FALSE
	EndGlobalSection
	GlobalSection(ExtensibilityGlobals) = postSolution
		SolutionGuid = {55D31C67-2944-4062-A254-8C29A5C16C2F}
	EndGlobalSection
EndGlobal
